
Microsoft Visual Studio Solution File, Format Version 9.00
# Visual Studio 2005
Project("{FAE04EC0-301F-11D3-BF4B-00C04F79EFBC}") = "Wherry2", "Wherry2\Wherry2.csproj", "{843D6819-80B2-431E-9FC3-C88CA4A75BDC}"
EndProject
Global
	GlobalSection(SolutionConfigurationPlatforms) = preSolution
		Debug|Any CPU = Debug|Any CPU
		Release|Any CPU = Release|Any CPU
	EndGlobalSection
	GlobalSection(ProjectConfigurationPlatforms) = postSolution
		{843D6819-80B2-431E-9FC3-C88CA4A75BDC}.Debug|Any CPU.ActiveCfg = Debug|Any CPU
		{843D6819-80B2-431E-9FC3-C88CA4A75BDC}.Debug|Any CPU.Build.0 = Debug|Any CPU
		{843D6819-80B2-431E-9FC3-C88CA4A75BDC}.Release|Any CPU.ActiveCfg = Release|Any CPU
		{843D6819-80B2-431E-9FC3-C88CA4A75BDC}.Release|Any CPU.Build.0 = Release|Any CPU
	EndGlobalSection
	GlobalSection(SolutionProperties) = preSolution
		HideSolutionNode = FALSE
	EndGlobalSection
EndGlobal
