
Microsoft Visual Studio Solution File, Format Version 9.00
# Visual Studio 2005
Project("{F184B08F-C81C-45F6-A57F-5ABD9991F28F}") = "Wherry1", "Wherry1\Wherry1.vbproj", "{AEC6778D-952C-4CFB-96CB-3173373B84E7}"
EndProject
Global
	GlobalSection(SolutionConfigurationPlatforms) = preSolution
		Debug|Any CPU = Debug|Any CPU
		Release|Any CPU = Release|Any CPU
	EndGlobalSection
	GlobalSection(ProjectConfigurationPlatforms) = postSolution
		{AEC6778D-952C-4CFB-96CB-3173373B84E7}.Debug|Any CPU.ActiveCfg = Debug|Any CPU
		{AEC6778D-952C-4CFB-96CB-3173373B84E7}.Debug|Any CPU.Build.0 = Debug|Any CPU
		{AEC6778D-952C-4CFB-96CB-3173373B84E7}.Release|Any CPU.ActiveCfg = Release|Any CPU
		{AEC6778D-952C-4CFB-96CB-3173373B84E7}.Release|Any CPU.Build.0 = Release|Any CPU
	EndGlobalSection
	GlobalSection(SolutionProperties) = preSolution
		HideSolutionNode = FALSE
	EndGlobalSection
EndGlobal
